// !$*UTF8*$!
{
	archiveVersion = 1;
	classes = {
	};
	objectVersion = 55;
	objects = {

/* Begin PBXBuildFile section */
		6527054B275C2FDF001DE146 /* UserDefaults.swift in Sources */ = {isa = PBXBuildFile; fileRef = 6527054A275C2FDF001DE146 /* UserDefaults.swift */; };
		654362D3274EE69E001536B5 /* AppDelegate.swift in Sources */ = {isa = PBXBuildFile; fileRef = 654362D2274EE69E001536B5 /* AppDelegate.swift */; };
		654362D5274EE69E001536B5 /* MainVC.swift in Sources */ = {isa = PBXBuildFile; fileRef = 654362D4274EE69E001536B5 /* MainVC.swift */; };
		654362D7274EE6A4001536B5 /* Assets.xcassets in Resources */ = {isa = PBXBuildFile; fileRef = 654362D6274EE6A4001536B5 /* Assets.xcassets */; };
		654362DA274EE6A4001536B5 /* Main.storyboard in Resources */ = {isa = PBXBuildFile; fileRef = 654362D8274EE6A4001536B5 /* Main.storyboard */; };
		654362E2274FC26E001536B5 /* GcLog.swift in Sources */ = {isa = PBXBuildFile; fileRef = 654362E1274FC26D001536B5 /* GcLog.swift */; };
		654362E62750391A001536B5 /* AsyncOperation.swift in Sources */ = {isa = PBXBuildFile; fileRef = 654362E52750391A001536B5 /* AsyncOperation.swift */; };
		654362E827503BB3001536B5 /* UseProjectGcCheckerOperation.swift in Sources */ = {isa = PBXBuildFile; fileRef = 654362E727503BB3001536B5 /* UseProjectGcCheckerOperation.swift */; };
		654362EA27505B06001536B5 /* README.md in Resources */ = {isa = PBXBuildFile; fileRef = 654362E927505579001536B5 /* README.md */; };
/* End PBXBuildFile section */

/* Begin PBXFileReference section */
		6527054A275C2FDF001DE146 /* UserDefaults.swift */ = {isa = PBXFileReference; lastKnownFileType = sourcecode.swift; path = UserDefaults.swift; sourceTree = "<group>"; };
		654362CF274EE69E001536B5 /* GCC-Helper.app */ = {isa = PBXFileReference; explicitFileType = wrapper.application; includeInIndex = 0; path = "GCC-Helper.app"; sourceTree = BUILT_PRODUCTS_DIR; };
		654362D2274EE69E001536B5 /* AppDelegate.swift */ = {isa = PBXFileReference; lastKnownFileType = sourcecode.swift; path = AppDelegate.swift; sourceTree = "<group>"; };
		654362D4274EE69E001536B5 /* MainVC.swift */ = {isa = PBXFileReference; lastKnownFileType = sourcecode.swift; path = MainVC.swift; sourceTree = "<group>"; };
		654362D6274EE6A4001536B5 /* Assets.xcassets */ = {isa = PBXFileReference; lastKnownFileType = folder.assetcatalog; path = Assets.xcassets; sourceTree = "<group>"; };
		654362D9274EE6A4001536B5 /* Base */ = {isa = PBXFileReference; lastKnownFileType = file.storyboard; name = Base; path = Base.lproj/Main.storyboard; sourceTree = "<group>"; };
		654362DB274EE6A4001536B5 /* GCC_Helper.entitlements */ = {isa = PBXFileReference; lastKnownFileType = text.plist.entitlements; path = GCC_Helper.entitlements; sourceTree = "<group>"; };
		654362E1274FC26D001536B5 /* GcLog.swift */ = {isa = PBXFileReference; lastKnownFileType = sourcecode.swift; path = GcLog.swift; sourceTree = "<group>"; };
		654362E52750391A001536B5 /* AsyncOperation.swift */ = {isa = PBXFileReference; lastKnownFileType = sourcecode.swift; path = AsyncOperation.swift; sourceTree = "<group>"; };
		654362E727503BB3001536B5 /* UseProjectGcCheckerOperation.swift */ = {isa = PBXFileReference; lastKnownFileType = sourcecode.swift; path = UseProjectGcCheckerOperation.swift; sourceTree = "<group>"; };
		654362E927505579001536B5 /* README.md */ = {isa = PBXFileReference; lastKnownFileType = net.daringfireball.markdown; path = README.md; sourceTree = "<group>"; };
/* End PBXFileReference section */

/* Begin PBXFrameworksBuildPhase section */
		654362CC274EE69E001536B5 /* Frameworks */ = {
			isa = PBXFrameworksBuildPhase;
			buildActionMask = 2147483647;
			files = (
			);
			runOnlyForDeploymentPostprocessing = 0;
		};
/* End PBXFrameworksBuildPhase section */

/* Begin PBXGroup section */
		654362C6274EE69E001536B5 = {
			isa = PBXGroup;
			children = (
				654362D1274EE69E001536B5 /* GCC-Helper */,
				654362D0274EE69E001536B5 /* Products */,
			);
			sourceTree = "<group>";
		};
		654362D0274EE69E001536B5 /* Products */ = {
			isa = PBXGroup;
			children = (
				654362CF274EE69E001536B5 /* GCC-Helper.app */,
			);
			name = Products;
			sourceTree = "<group>";
		};
		654362D1274EE69E001536B5 /* GCC-Helper */ = {
			isa = PBXGroup;
			children = (
				654362E927505579001536B5 /* README.md */,
				654362D2274EE69E001536B5 /* AppDelegate.swift */,
				654362E4274FC751001536B5 /* ViewController */,
				654362E3274FC741001536B5 /* Model */,
				654362D6274EE6A4001536B5 /* Assets.xcassets */,
				654362D8274EE6A4001536B5 /* Main.storyboard */,
				654362DB274EE6A4001536B5 /* GCC_Helper.entitlements */,
			);
			path = "GCC-Helper";
			sourceTree = "<group>";
		};
		654362E3274FC741001536B5 /* Model */ = {
			isa = PBXGroup;
			children = (
				654362E1274FC26D001536B5 /* GcLog.swift */,
				654362E52750391A001536B5 /* AsyncOperation.swift */,
				654362E727503BB3001536B5 /* UseProjectGcCheckerOperation.swift */,
				6527054A275C2FDF001DE146 /* UserDefaults.swift */,
			);
			path = Model;
			sourceTree = "<group>";
		};
		654362E4274FC751001536B5 /* ViewController */ = {
			isa = PBXGroup;
			children = (
				654362D4274EE69E001536B5 /* MainVC.swift */,
			);
			path = ViewController;
			sourceTree = "<group>";
		};
/* End PBXGroup section */

/* Begin PBXNativeTarget section */
		654362CE274EE69E001536B5 /* GCC-Helper */ = {
			isa = PBXNativeTarget;
			buildConfigurationList = 654362DE274EE6A4001536B5 /* Build configuration list for PBXNativeTarget "GCC-Helper" */;
			buildPhases = (
				654362CB274EE69E001536B5 /* Sources */,
				654362CC274EE69E001536B5 /* Frameworks */,
				654362CD274EE69E001536B5 /* Resources */,
			);
			buildRules = (
			);
			dependencies = (
			);
			name = "GCC-Helper";
			productName = "GCC-Helper";
			productReference = 654362CF274EE69E001536B5 /* GCC-Helper.app */;
			productType = "com.apple.product-type.application";
		};
/* End PBXNativeTarget section */

/* Begin PBXProject section */
		654362C7274EE69E001536B5 /* Project object */ = {
			isa = PBXProject;
			attributes = {
				BuildIndependentTargetsInParallel = 1;
				LastSwiftUpdateCheck = 1310;
				LastUpgradeCheck = 1310;
				TargetAttributes = {
					654362CE274EE69E001536B5 = {
						CreatedOnToolsVersion = 13.1;
					};
				};
			};
			buildConfigurationList = 654362CA274EE69E001536B5 /* Build configuration list for PBXProject "GCC-Helper" */;
			compatibilityVersion = "Xcode 13.0";
			developmentRegion = en;
			hasScannedForEncodings = 0;
			knownRegions = (
				en,
				Base,
			);
			mainGroup = 654362C6274EE69E001536B5;
			productRefGroup = 654362D0274EE69E001536B5 /* Products */;
			projectDirPath = "";
			projectRoot = "";
			targets = (
				654362CE274EE69E001536B5 /* GCC-Helper */,
			);
		};
/* End PBXProject section */

/* Begin PBXResourcesBuildPhase section */
		654362CD274EE69E001536B5 /* Resources */ = {
			isa = PBXResourcesBuildPhase;
			buildActionMask = 2147483647;
			files = (
				654362EA27505B06001536B5 /* README.md in Resources */,
				654362D7274EE6A4001536B5 /* Assets.xcassets in Resources */,
				654362DA274EE6A4001536B5 /* Main.storyboard in Resources */,
			);
			runOnlyForDeploymentPostprocessing = 0;
		};
/* End PBXResourcesBuildPhase section */

/* Begin PBXSourcesBuildPhase section */
		654362CB274EE69E001536B5 /* Sources */ = {
			isa = PBXSourcesBuildPhase;
			buildActionMask = 2147483647;
			files = (
				654362D5274EE69E001536B5 /* MainVC.swift in Sources */,
				654362E827503BB3001536B5 /* UseProjectGcCheckerOperation.swift in Sources */,
				6527054B275C2FDF001DE146 /* UserDefaults.swift in Sources */,
				654362E2274FC26E001536B5 /* GcLog.swift in Sources */,
				654362E62750391A001536B5 /* AsyncOperation.swift in Sources */,
				654362D3274EE69E001536B5 /* AppDelegate.swift in Sources */,
			);
			runOnlyForDeploymentPostprocessing = 0;
		};
/* End PBXSourcesBuildPhase section */

/* Begin PBXVariantGroup section */
		654362D8274EE6A4001536B5 /* Main.storyboard */ = {
			isa = PBXVariantGroup;
			children = (
				654362D9274EE6A4001536B5 /* Base */,
			);
			name = Main.storyboard;
			sourceTree = "<group>";
		};
/* End PBXVariantGroup section */

/* Begin XCBuildConfiguration section */
		654362DC274EE6A4001536B5 /* Debug */ = {
			isa = XCBuildConfiguration;
			buildSettings = {
				ALWAYS_SEARCH_USER_PATHS = NO;
				CLANG_ANALYZER_NONNULL = YES;
				CLANG_ANALYZER_NUMBER_OBJECT_CONVERSION = YES_AGGRESSIVE;
				CLANG_CXX_LANGUAGE_STANDARD = "gnu++17";
				CLANG_CXX_LIBRARY = "libc++";
				CLANG_ENABLE_MODULES = YES;
				CLANG_ENABLE_OBJC_ARC = YES;
				CLANG_ENABLE_OBJC_WEAK = YES;
				CLANG_WARN_BLOCK_CAPTURE_AUTORELEASING = YES;
				CLANG_WARN_BOOL_CONVERSION = YES;
				CLANG_WARN_COMMA = YES;
				CLANG_WARN_CONSTANT_CONVERSION = YES;
				CLANG_WARN_DEPRECATED_OBJC_IMPLEMENTATIONS = YES;
				CLANG_WARN_DIRECT_OBJC_ISA_USAGE = YES_ERROR;
				CLANG_WARN_DOCUMENTATION_COMMENTS = YES;
				CLANG_WARN_EMPTY_BODY = YES;
				CLANG_WARN_ENUM_CONVERSION = YES;
				CLANG_WARN_INFINITE_RECURSION = YES;
				CLANG_WARN_INT_CONVERSION = YES;
				CLANG_WARN_NON_LITERAL_NULL_CONVERSION = YES;
				CLANG_WARN_OBJC_IMPLICIT_RETAIN_SELF = YES;
				CLANG_WARN_OBJC_LITERAL_CONVERSION = YES;
				CLANG_WARN_OBJC_ROOT_CLASS = YES_ERROR;
				CLANG_WARN_QUOTED_INCLUDE_IN_FRAMEWORK_HEADER = YES;
				CLANG_WARN_RANGE_LOOP_ANALYSIS = YES;
				CLANG_WARN_STRICT_PROTOTYPES = YES;
				CLANG_WARN_SUSPICIOUS_MOVE = YES;
				CLANG_WARN_UNGUARDED_AVAILABILITY = YES_AGGRESSIVE;
				CLANG_WARN_UNREACHABLE_CODE = YES;
				CLANG_WARN__DUPLICATE_METHOD_MATCH = YES;
				COPY_PHASE_STRIP = NO;
				DEBUG_INFORMATION_FORMAT = dwarf;
				ENABLE_STRICT_OBJC_MSGSEND = YES;
				ENABLE_TESTABILITY = YES;
				GCC_C_LANGUAGE_STANDARD = gnu11;
				GCC_DYNAMIC_NO_PIC = NO;
				GCC_NO_COMMON_BLOCKS = YES;
				GCC_OPTIMIZATION_LEVEL = 0;
				GCC_PREPROCESSOR_DEFINITIONS = (
					"DEBUG=1",
					"$(inherited)",
				);
				GCC_WARN_64_TO_32_BIT_CONVERSION = YES;
				GCC_WARN_ABOUT_RETURN_TYPE = YES_ERROR;
				GCC_WARN_UNDECLARED_SELECTOR = YES;
				GCC_WARN_UNINITIALIZED_AUTOS = YES_AGGRESSIVE;
				GCC_WARN_UNUSED_FUNCTION = YES;
				GCC_WARN_UNUSED_VARIABLE = YES;
				MACOSX_DEPLOYMENT_TARGET = 11.6;
				MTL_ENABLE_DEBUG_INFO = INCLUDE_SOURCE;
				MTL_FAST_MATH = YES;
				ONLY_ACTIVE_ARCH = YES;
				SDKROOT = macosx;
				SWIFT_ACTIVE_COMPILATION_CONDITIONS = DEBUG;
				SWIFT_OPTIMIZATION_LEVEL = "-Onone";
			};
			name = Debug;
		};
		654362DD274EE6A4001536B5 /* Release */ = {
			isa = XCBuildConfiguration;
			buildSettings = {
				ALWAYS_SEARCH_USER_PATHS = NO;
				CLANG_ANALYZER_NONNULL = YES;
				CLANG_ANALYZER_NUMBER_OBJECT_CONVERSION = YES_AGGRESSIVE;
				CLANG_CXX_LANGUAGE_STANDARD = "gnu++17";
				CLANG_CXX_LIBRARY = "libc++";
				CLANG_ENABLE_MODULES = YES;
				CLANG_ENABLE_OBJC_ARC = YES;
				CLANG_ENABLE_OBJC_WEAK = YES;
				CLANG_WARN_BLOCK_CAPTURE_AUTORELEASING = YES;
				CLANG_WARN_BOOL_CONVERSION = YES;
				CLANG_WARN_COMMA = YES;
				CLANG_WARN_CONSTANT_CONVERSION = YES;
				CLANG_WARN_DEPRECATED_OBJC_IMPLEMENTATIONS = YES;
				CLANG_WARN_DIRECT_OBJC_ISA_USAGE = YES_ERROR;
				CLANG_WARN_DOCUMENTATION_COMMENTS = YES;
				CLANG_WARN_EMPTY_BODY = YES;
				CLANG_WARN_ENUM_CONVERSION = YES;
				CLANG_WARN_INFINITE_RECURSION = YES;
				CLANG_WARN_INT_CONVERSION = YES;
				CLANG_WARN_NON_LITERAL_NULL_CONVERSION = YES;
				CLANG_WARN_OBJC_IMPLICIT_RETAIN_SELF = YES;
				CLANG_WARN_OBJC_LITERAL_CONVERSION = YES;
				CLANG_WARN_OBJC_ROOT_CLASS = YES_ERROR;
				CLANG_WARN_QUOTED_INCLUDE_IN_FRAMEWORK_HEADER = YES;
				CLANG_WARN_RANGE_LOOP_ANALYSIS = YES;
				CLANG_WARN_STRICT_PROTOTYPES = YES;
				CLANG_WARN_SUSPICIOUS_MOVE = YES;
				CLANG_WARN_UNGUARDED_AVAILABILITY = YES_AGGRESSIVE;
				CLANG_WARN_UNREACHABLE_CODE = YES;
				CLANG_WARN__DUPLICATE_METHOD_MATCH = YES;
				COPY_PHASE_STRIP = NO;
				DEBUG_INFORMATION_FORMAT = "dwarf-with-dsym";
				ENABLE_NS_ASSERTIONS = NO;
				ENABLE_STRICT_OBJC_MSGSEND = YES;
				GCC_C_LANGUAGE_STANDARD = gnu11;
				GCC_NO_COMMON_BLOCKS = YES;
				GCC_WARN_64_TO_32_BIT_CONVERSION = YES;
				GCC_WARN_ABOUT_RETURN_TYPE = YES_ERROR;
				GCC_WARN_UNDECLARED_SELECTOR = YES;
				GCC_WARN_UNINITIALIZED_AUTOS = YES_AGGRESSIVE;
				GCC_WARN_UNUSED_FUNCTION = YES;
				GCC_WARN_UNUSED_VARIABLE = YES;
				MACOSX_DEPLOYMENT_TARGET = 11.6;
				MTL_ENABLE_DEBUG_INFO = NO;
				MTL_FAST_MATH = YES;
				SDKROOT = macosx;
				SWIFT_COMPILATION_MODE = wholemodule;
				SWIFT_OPTIMIZATION_LEVEL = "-O";
			};
			name = Release;
		};
		654362DF274EE6A4001536B5 /* Debug */ = {
			isa = XCBuildConfiguration;
			buildSettings = {
				ASSETCATALOG_COMPILER_APPICON_NAME = AppIcon;
				ASSETCATALOG_COMPILER_GLOBAL_ACCENT_COLOR_NAME = AccentColor;
				CODE_SIGN_ENTITLEMENTS = "GCC-Helper/GCC_Helper.entitlements";
				CODE_SIGN_STYLE = Automatic;
				COMBINE_HIDPI_IMAGES = YES;
				CURRENT_PROJECT_VERSION = 2;
				DEVELOPMENT_TEAM = 258C524YRU;
				ENABLE_HARDENED_RUNTIME = YES;
				GENERATE_INFOPLIST_FILE = YES;
				INFOPLIST_KEY_LSApplicationCategoryType = "public.app-category.utilities";
				INFOPLIST_KEY_NSHumanReadableCopyright = "";
				INFOPLIST_KEY_NSMainStoryboardFile = Main;
				INFOPLIST_KEY_NSPrincipalClass = NSApplication;
				LD_RUNPATH_SEARCH_PATHS = (
					"$(inherited)",
					"@executable_path/../Frameworks",
				);
				MARKETING_VERSION = 1.0;
				PRODUCT_BUNDLE_IDENTIFIER = "de.aaindustries.GCC-Helper";
				PRODUCT_NAME = "$(TARGET_NAME)";
				SWIFT_EMIT_LOC_STRINGS = YES;
				SWIFT_VERSION = 5.0;
			};
			name = Debug;
		};
		654362E0274EE6A4001536B5 /* Release */ = {
			isa = XCBuildConfiguration;
			buildSettings = {
				ASSETCATALOG_COMPILER_APPICON_NAME = AppIcon;
				ASSETCATALOG_COMPILER_GLOBAL_ACCENT_COLOR_NAME = AccentColor;
				CODE_SIGN_ENTITLEMENTS = "GCC-Helper/GCC_Helper.entitlements";
				CODE_SIGN_STYLE = Automatic;
				COMBINE_HIDPI_IMAGES = YES;
				CURRENT_PROJECT_VERSION = 2;
				DEVELOPMENT_TEAM = 258C524YRU;
				ENABLE_HARDENED_RUNTIME = YES;
				GENERATE_INFOPLIST_FILE = YES;
				INFOPLIST_KEY_LSApplicationCategoryType = "public.app-category.utilities";
				INFOPLIST_KEY_NSHumanReadableCopyright = "";
				INFOPLIST_KEY_NSMainStoryboardFile = Main;
				INFOPLIST_KEY_NSPrincipalClass = NSApplication;
				LD_RUNPATH_SEARCH_PATHS = (
					"$(inherited)",
					"@executable_path/../Frameworks",
				);
				MARKETING_VERSION = 1.0;
				PRODUCT_BUNDLE_IDENTIFIER = "de.aaindustries.GCC-Helper";
				PRODUCT_NAME = "$(TARGET_NAME)";
				SWIFT_EMIT_LOC_STRINGS = YES;
				SWIFT_VERSION = 5.0;
			};
			name = Release;
		};
/* End XCBuildConfiguration section */

/* Begin XCConfigurationList section */
		654362CA274EE69E001536B5 /* Build configuration list for PBXProject "GCC-Helper" */ = {
			isa = XCConfigurationList;
			buildConfigurations = (
				654362DC274EE6A4001536B5 /* Debug */,
				654362DD274EE6A4001536B5 /* Release */,
			);
			defaultConfigurationIsVisible = 0;
			defaultConfigurationName = Release;
		};
		654362DE274EE6A4001536B5 /* Build configuration list for PBXNativeTarget "GCC-Helper" */ = {
			isa = XCConfigurationList;
			buildConfigurations = (
				654362DF274EE6A4001536B5 /* Debug */,
				654362E0274EE6A4001536B5 /* Release */,
			);
			defaultConfigurationIsVisible = 0;
			defaultConfigurationName = Release;
		};
/* End XCConfigurationList section */
	};
	rootObject = 654362C7274EE69E001536B5 /* Project object */;
}
